{
  "name": "pdf-merge-cli",
  "version": "1.0.0",
  "lockfileVersion": 1,
  "requires": true,
  "dependencies": {
    "bluebird": {
      "version": "3.5.5",
      "resolved": "https://registry.npmjs.org/bluebird/-/bluebird-3.5.5.tgz",
      "integrity": "sha512-5am6HnnfN+urzt4yfg7IgTbotDjIT/u8AJpEt0sIU9FtXfVeezXAPKswrG+xKUCOYAINpSdgZVDU6QFh+cuH3w=="
    },
    "esm": {
      "version": "3.2.25",
      "resolved": "https://registry.npmjs.org/esm/-/esm-3.2.25.tgz",
      "integrity": "sha512-U1suiZ2oDVWv4zPO56S0NcR5QriEahGtdN2OR6FiOG4WJvcjBVFB0qI4+eKoWFH483PKGuLuu6V8Z4T5g63UVA=="
    },
    "os-tmpdir": {
      "version": "1.0.2",
      "resolved": "https://registry.npmjs.org/os-tmpdir/-/os-tmpdir-1.0.2.tgz",
      "integrity": "sha1-u+Z0BseaqFxc/sdm/lc0VV36EnQ="
    },
    "pdf-merge": {
      "version": "1.2.0",
      "resolved": "https://registry.npmjs.org/pdf-merge/-/pdf-merge-1.2.0.tgz",
      "integrity": "sha512-/2QygIR3Q/p0SxUhj64LvUzYFVzFL8DQGV8GOpG3I44uXwSTiMS7tAd3dHvxLrnGYLzom2IPdlhnxqLyOC41VQ==",
      "requires": {
        "bluebird": "^3.5.1",
        "shell-escape": "^0.2.0",
        "tmp": "0.0.33"
      }
    },
    "shell-escape": {
      "version": "0.2.0",
      "resolved": "https://registry.npmjs.org/shell-escape/-/shell-escape-0.2.0.tgz",
      "integrity": "sha1-aP0CXrBJC09WegJ/C/IkgLX4QTM="
    },
    "short-unique-id": {
      "version": "1.1.1",
      "resolved": "https://registry.npmjs.org/short-unique-id/-/short-unique-id-1.1.1.tgz",
      "integrity": "sha512-gyWJ4pknxpCx0WlUIdCIwHiQ/4sCy0i0YpDOniXP/TboMMRs6rkg6PPKR2nmNfZ9VYeAIm0x9qz/QmJysd9jNg=="
    },
    "tmp": {
      "version": "0.0.33",
      "resolved": "https://registry.npmjs.org/tmp/-/tmp-0.0.33.tgz",
      "integrity": "sha512-jRCJlojKnZ3addtTOjdIqoRuPEKBvNXcGYqzO6zWZX8KfKEpnGY5jfggJQ3EjKuu8D4bJRr0y+cYJFmYbImXGw==",
      "requires": {
        "os-tmpdir": "~1.0.2"
      }
    }
  }
}
